// !$*UTF8*$!
{
	archiveVersion = 1;
	classes = {
	};
	objectVersion = 46;
	objects = {

/* Begin PBXBuildFile section */
		00AE04E31CD3EFE900F2C7FA /* AppDelegate.swift in Sources */ = {isa = PBXBuildFile; fileRef = 00AE04E21CD3EFE900F2C7FA /* AppDelegate.swift */; };
		00AE04E51CD3EFE900F2C7FA /* FirstViewController.swift in Sources */ = {isa = PBXBuildFile; fileRef = 00AE04E41CD3EFE900F2C7FA /* FirstViewController.swift */; };
		00AE04E71CD3EFE900F2C7FA /* SecondViewController.swift in Sources */ = {isa = PBXBuildFile; fileRef = 00AE04E61CD3EFE900F2C7FA /* SecondViewController.swift */; };
		00AE04EA1CD3EFE900F2C7FA /* Main.storyboard in Resources */ = {isa = PBXBuildFile; fileRef = 00AE04E81CD3EFE900F2C7FA /* Main.storyboard */; };
		00AE04EC1CD3EFE900F2C7FA /* Assets.xcassets in Resources */ = {isa = PBXBuildFile; fileRef = 00AE04EB1CD3EFE900F2C7FA /* Assets.xcassets */; };
		00AE04EF1CD3EFE900F2C7FA /* LaunchScreen.storyboard in Resources */ = {isa = PBXBuildFile; fileRef = 00AE04ED1CD3EFE900F2C7FA /* LaunchScreen.storyboard */; };
/* End PBXBuildFile section */

/* Begin PBXFileReference section */
		00AE04DF1CD3EFE900F2C7FA /* tab-example.app */ = {isa = PBXFileReference; explicitFileType = wrapper.application; includeInIndex = 0; path = "tab-example.app"; sourceTree = BUILT_PRODUCTS_DIR; };
		00AE04E21CD3EFE900F2C7FA /* AppDelegate.swift */ = {isa = PBXFileReference; lastKnownFileType = sourcecode.swift; path = AppDelegate.swift; sourceTree = "<group>"; };
		00AE04E41CD3EFE900F2C7FA /* FirstViewController.swift */ = {isa = PBXFileReference; lastKnownFileType = sourcecode.swift; path = FirstViewController.swift; sourceTree = "<group>"; };
		00AE04E61CD3EFE900F2C7FA /* SecondViewController.swift */ = {isa = PBXFileReference; lastKnownFileType = sourcecode.swift; path = SecondViewController.swift; sourceTree = "<group>"; };
		00AE04E91CD3EFE900F2C7FA /* Base */ = {isa = PBXFileReference; lastKnownFileType = file.storyboard; name = Base; path = Base.lproj/Main.storyboard; sourceTree = "<group>"; };
		00AE04EB1CD3EFE900F2C7FA /* Assets.xcassets */ = {isa = PBXFileReference; lastKnownFileType = folder.assetcatalog; path = Assets.xcassets; sourceTree = "<group>"; };
		00AE04EE1CD3EFE900F2C7FA /* Base */ = {isa = PBXFileReference; lastKnownFileType = file.storyboard; name = Base; path = Base.lproj/LaunchScreen.storyboard; sourceTree = "<group>"; };
		00AE04F01CD3EFE900F2C7FA /* Info.plist */ = {isa = PBXFileReference; lastKnownFileType = text.plist.xml; path = Info.plist; sourceTree = "<group>"; };
/* End PBXFileReference section */

/* Begin PBXFrameworksBuildPhase section */
		00AE04DC1CD3EFE900F2C7FA /* Frameworks */ = {
			isa = PBXFrameworksBuildPhase;
			buildActionMask = 2147483647;
			files = (
			);
			runOnlyForDeploymentPostprocessing = 0;
		};
/* End PBXFrameworksBuildPhase section */

/* Begin PBXGroup section */
		00AE04D61CD3EFE900F2C7FA = {
			isa = PBXGroup;
			children = (
				00AE04E11CD3EFE900F2C7FA /* tab-example */,
				00AE04E01CD3EFE900F2C7FA /* Products */,
			);
			sourceTree = "<group>";
		};
		00AE04E01CD3EFE900F2C7FA /* Products */ = {
			isa = PBXGroup;
			children = (
				00AE04DF1CD3EFE900F2C7FA /* tab-example.app */,
			);
			name = Products;
			sourceTree = "<group>";
		};
		00AE04E11CD3EFE900F2C7FA /* tab-example */ = {
			isa = PBXGroup;
			children = (
				00AE04E21CD3EFE900F2C7FA /* AppDelegate.swift */,
				00AE04E41CD3EFE900F2C7FA /* FirstViewController.swift */,
				00AE04E61CD3EFE900F2C7FA /* SecondViewController.swift */,
				00AE04E81CD3EFE900F2C7FA /* Main.storyboard */,
				00AE04EB1CD3EFE900F2C7FA /* Assets.xcassets */,
				00AE04ED1CD3EFE900F2C7FA /* LaunchScreen.storyboard */,
				00AE04F01CD3EFE900F2C7FA /* Info.plist */,
			);
			path = "tab-example";
			sourceTree = "<group>";
		};
/* End PBXGroup section */

/* Begin PBXNativeTarget section */
		00AE04DE1CD3EFE900F2C7FA /* tab-example */ = {
			isa = PBXNativeTarget;
			buildConfigurationList = 00AE04F31CD3EFE900F2C7FA /* Build configuration list for PBXNativeTarget "tab-example" */;
			buildPhases = (
				00AE04DB1CD3EFE900F2C7FA /* Sources */,
				00AE04DC1CD3EFE900F2C7FA /* Frameworks */,
				00AE04DD1CD3EFE900F2C7FA /* Resources */,
			);
			buildRules = (
			);
			dependencies = (
			);
			name = "tab-example";
			productName = "tab-example";
			productReference = 00AE04DF1CD3EFE900F2C7FA /* tab-example.app */;
			productType = "com.apple.product-type.application";
		};
/* End PBXNativeTarget section */

/* Begin PBXProject section */
		00AE04D71CD3EFE900F2C7FA /* Project object */ = {
			isa = PBXProject;
			attributes = {
				LastSwiftUpdateCheck = 0730;
				LastUpgradeCheck = 0730;
				ORGANIZATIONNAME = "jeffrey dinh";
				TargetAttributes = {
					00AE04DE1CD3EFE900F2C7FA = {
						CreatedOnToolsVersion = 7.3;
						DevelopmentTeam = 5JELCQ2NQZ;
					};
				};
			};
			buildConfigurationList = 00AE04DA1CD3EFE900F2C7FA /* Build configuration list for PBXProject "tab-example" */;
			compatibilityVersion = "Xcode 3.2";
			developmentRegion = English;
			hasScannedForEncodings = 0;
			knownRegions = (
				en,
				Base,
			);
			mainGroup = 00AE04D61CD3EFE900F2C7FA;
			productRefGroup = 00AE04E01CD3EFE900F2C7FA /* Products */;
			projectDirPath = "";
			projectRoot = "";
			targets = (
				00AE04DE1CD3EFE900F2C7FA /* tab-example */,
			);
		};
/* End PBXProject section */

/* Begin PBXResourcesBuildPhase section */
		00AE04DD1CD3EFE900F2C7FA /* Resources */ = {
			isa = PBXResourcesBuildPhase;
			buildActionMask = 2147483647;
			files = (
				00AE04EF1CD3EFE900F2C7FA /* LaunchScreen.storyboard in Resources */,
				00AE04EC1CD3EFE900F2C7FA /* Assets.xcassets in Resources */,
				00AE04EA1CD3EFE900F2C7FA /* Main.storyboard in Resources */,
			);
			runOnlyForDeploymentPostprocessing = 0;
		};
/* End PBXResourcesBuildPhase section */

/* Begin PBXSourcesBuildPhase section */
		00AE04DB1CD3EFE900F2C7FA /* Sources */ = {
			isa = PBXSourcesBuildPhase;
			buildActionMask = 2147483647;
			files = (
				00AE04E71CD3EFE900F2C7FA /* SecondViewController.swift in Sources */,
				00AE04E31CD3EFE900F2C7FA /* AppDelegate.swift in Sources */,
				00AE04E51CD3EFE900F2C7FA /* FirstViewController.swift in Sources */,
			);
			runOnlyForDeploymentPostprocessing = 0;
		};
/* End PBXSourcesBuildPhase section */

/* Begin PBXVariantGroup section */
		00AE04E81CD3EFE900F2C7FA /* Main.storyboard */ = {
			isa = PBXVariantGroup;
			children = (
				00AE04E91CD3EFE900F2C7FA /* Base */,
			);
			name = Main.storyboard;
			sourceTree = "<group>";
		};
		00AE04ED1CD3EFE900F2C7FA /* LaunchScreen.storyboard */ = {
			isa = PBXVariantGroup;
			children = (
				00AE04EE1CD3EFE900F2C7FA /* Base */,
			);
			name = LaunchScreen.storyboard;
			sourceTree = "<group>";
		};
/* End PBXVariantGroup section */

/* Begin XCBuildConfiguration section */
		00AE04F11CD3EFE900F2C7FA /* Debug */ = {
			isa = XCBuildConfiguration;
			buildSettings = {
				ALWAYS_SEARCH_USER_PATHS = NO;
				CLANG_ANALYZER_NONNULL = YES;
				CLANG_CXX_LANGUAGE_STANDARD = "gnu++0x";
				CLANG_CXX_LIBRARY = "libc++";
				CLANG_ENABLE_MODULES = YES;
				CLANG_ENABLE_OBJC_ARC = YES;
				CLANG_WARN_BOOL_CONVERSION = YES;
				CLANG_WARN_CONSTANT_CONVERSION = YES;
				CLANG_WARN_DIRECT_OBJC_ISA_USAGE = YES_ERROR;
				CLANG_WARN_EMPTY_BODY = YES;
				CLANG_WARN_ENUM_CONVERSION = YES;
				CLANG_WARN_INT_CONVERSION = YES;
				CLANG_WARN_OBJC_ROOT_CLASS = YES_ERROR;
				CLANG_WARN_UNREACHABLE_CODE = YES;
				CLANG_WARN__DUPLICATE_METHOD_MATCH = YES;
				"CODE_SIGN_IDENTITY[sdk=iphoneos*]" = "iPhone Developer";
				COPY_PHASE_STRIP = NO;
				DEBUG_INFORMATION_FORMAT = dwarf;
				ENABLE_STRICT_OBJC_MSGSEND = YES;
				ENABLE_TESTABILITY = YES;
				GCC_C_LANGUAGE_STANDARD = gnu99;
				GCC_DYNAMIC_NO_PIC = NO;
				GCC_NO_COMMON_BLOCKS = YES;
				GCC_OPTIMIZATION_LEVEL = 0;
				GCC_PREPROCESSOR_DEFINITIONS = (
					"DEBUG=1",
					"$(inherited)",
				);
				GCC_WARN_64_TO_32_BIT_CONVERSION = YES;
				GCC_WARN_ABOUT_RETURN_TYPE = YES_ERROR;
				GCC_WARN_UNDECLARED_SELECTOR = YES;
				GCC_WARN_UNINITIALIZED_AUTOS = YES_AGGRESSIVE;
				GCC_WARN_UNUSED_FUNCTION = YES;
				GCC_WARN_UNUSED_VARIABLE = YES;
				IPHONEOS_DEPLOYMENT_TARGET = 9.3;
				MTL_ENABLE_DEBUG_INFO = YES;
				ONLY_ACTIVE_ARCH = YES;
				SDKROOT = iphoneos;
				SWIFT_OPTIMIZATION_LEVEL = "-Onone";
			};
			name = Debug;
		};
		00AE04F21CD3EFE900F2C7FA /* Release */ = {
			isa = XCBuildConfiguration;
			buildSettings = {
				ALWAYS_SEARCH_USER_PATHS = NO;
				CLANG_ANALYZER_NONNULL = YES;
				CLANG_CXX_LANGUAGE_STANDARD = "gnu++0x";
				CLANG_CXX_LIBRARY = "libc++";
				CLANG_ENABLE_MODULES = YES;
				CLANG_ENABLE_OBJC_ARC = YES;
				CLANG_WARN_BOOL_CONVERSION = YES;
				CLANG_WARN_CONSTANT_CONVERSION = YES;
				CLANG_WARN_DIRECT_OBJC_ISA_USAGE = YES_ERROR;
				CLANG_WARN_EMPTY_BODY = YES;
				CLANG_WARN_ENUM_CONVERSION = YES;
				CLANG_WARN_INT_CONVERSION = YES;
				CLANG_WARN_OBJC_ROOT_CLASS = YES_ERROR;
				CLANG_WARN_UNREACHABLE_CODE = YES;
				CLANG_WARN__DUPLICATE_METHOD_MATCH = YES;
				"CODE_SIGN_IDENTITY[sdk=iphoneos*]" = "iPhone Developer";
				COPY_PHASE_STRIP = NO;
				DEBUG_INFORMATION_FORMAT = "dwarf-with-dsym";
				ENABLE_NS_ASSERTIONS = NO;
				ENABLE_STRICT_OBJC_MSGSEND = YES;
				GCC_C_LANGUAGE_STANDARD = gnu99;
				GCC_NO_COMMON_BLOCKS = YES;
				GCC_WARN_64_TO_32_BIT_CONVERSION = YES;
				GCC_WARN_ABOUT_RETURN_TYPE = YES_ERROR;
				GCC_WARN_UNDECLARED_SELECTOR = YES;
				GCC_WARN_UNINITIALIZED_AUTOS = YES_AGGRESSIVE;
				GCC_WARN_UNUSED_FUNCTION = YES;
				GCC_WARN_UNUSED_VARIABLE = YES;
				IPHONEOS_DEPLOYMENT_TARGET = 9.3;
				MTL_ENABLE_DEBUG_INFO = NO;
				SDKROOT = iphoneos;
				VALIDATE_PRODUCT = YES;
			};
			name = Release;
		};
		00AE04F41CD3EFE900F2C7FA /* Debug */ = {
			isa = XCBuildConfiguration;
			buildSettings = {
				ASSETCATALOG_COMPILER_APPICON_NAME = AppIcon;
				INFOPLIST_FILE = "tab-example/Info.plist";
				LD_RUNPATH_SEARCH_PATHS = "$(inherited) @executable_path/Frameworks";
				PRODUCT_BUNDLE_IDENTIFIER = "com.dindledoo.tab-example";
				PRODUCT_NAME = "$(TARGET_NAME)";
			};
			name = Debug;
		};
		00AE04F51CD3EFE900F2C7FA /* Release */ = {
			isa = XCBuildConfiguration;
			buildSettings = {
				ASSETCATALOG_COMPILER_APPICON_NAME = AppIcon;
				INFOPLIST_FILE = "tab-example/Info.plist";
				LD_RUNPATH_SEARCH_PATHS = "$(inherited) @executable_path/Frameworks";
				PRODUCT_BUNDLE_IDENTIFIER = "com.dindledoo.tab-example";
				PRODUCT_NAME = "$(TARGET_NAME)";
			};
			name = Release;
		};
/* End XCBuildConfiguration section */

/* Begin XCConfigurationList section */
		00AE04DA1CD3EFE900F2C7FA /* Build configuration list for PBXProject "tab-example" */ = {
			isa = XCConfigurationList;
			buildConfigurations = (
				00AE04F11CD3EFE900F2C7FA /* Debug */,
				00AE04F21CD3EFE900F2C7FA /* Release */,
			);
			defaultConfigurationIsVisible = 0;
			defaultConfigurationName = Release;
		};
		00AE04F31CD3EFE900F2C7FA /* Build configuration list for PBXNativeTarget "tab-example" */ = {
			isa = XCConfigurationList;
			buildConfigurations = (
				00AE04F41CD3EFE900F2C7FA /* Debug */,
				00AE04F51CD3EFE900F2C7FA /* Release */,
			);
			defaultConfigurationIsVisible = 0;
		};
/* End XCConfigurationList section */
	};
	rootObject = 00AE04D71CD3EFE900F2C7FA /* Project object */;
}
