// !$*UTF8*$!
{
	archiveVersion = 1;
	classes = {
	};
	objectVersion = 46;
	objects = {

/* Begin PBXBuildFile section */
		00AD3C081D33E6F0006B8751 /* AppDelegate.swift in Sources */ = {isa = PBXBuildFile; fileRef = 00AD3C071D33E6F0006B8751 /* AppDelegate.swift */; };
		00AD3C0A1D33E6F0006B8751 /* ViewController.swift in Sources */ = {isa = PBXBuildFile; fileRef = 00AD3C091D33E6F0006B8751 /* ViewController.swift */; };
		00AD3C0D1D33E6F0006B8751 /* Main.storyboard in Resources */ = {isa = PBXBuildFile; fileRef = 00AD3C0B1D33E6F0006B8751 /* Main.storyboard */; };
		00AD3C0F1D33E6F0006B8751 /* Assets.xcassets in Resources */ = {isa = PBXBuildFile; fileRef = 00AD3C0E1D33E6F0006B8751 /* Assets.xcassets */; };
		00AD3C121D33E6F0006B8751 /* LaunchScreen.storyboard in Resources */ = {isa = PBXBuildFile; fileRef = 00AD3C101D33E6F0006B8751 /* LaunchScreen.storyboard */; };
		00AD3C1C1D33E72F006B8751 /* Model.xcdatamodeld in Sources */ = {isa = PBXBuildFile; fileRef = 00AD3C1A1D33E72F006B8751 /* Model.xcdatamodeld */; };
		00AD3C211D33EF0C006B8751 /* TwitterUser+CoreDataProperties.swift in Sources */ = {isa = PBXBuildFile; fileRef = 00AD3C1D1D33EF0C006B8751 /* TwitterUser+CoreDataProperties.swift */; };
		00AD3C221D33EF0C006B8751 /* TwitterUser.swift in Sources */ = {isa = PBXBuildFile; fileRef = 00AD3C1E1D33EF0C006B8751 /* TwitterUser.swift */; };
		00AD3C231D33EF0C006B8751 /* Tweet+CoreDataProperties.swift in Sources */ = {isa = PBXBuildFile; fileRef = 00AD3C1F1D33EF0C006B8751 /* Tweet+CoreDataProperties.swift */; };
		00AD3C241D33EF0C006B8751 /* Tweet.swift in Sources */ = {isa = PBXBuildFile; fileRef = 00AD3C201D33EF0C006B8751 /* Tweet.swift */; };
/* End PBXBuildFile section */

/* Begin PBXFileReference section */
		00AD3C041D33E6F0006B8751 /* Core Data Example.app */ = {isa = PBXFileReference; explicitFileType = wrapper.application; includeInIndex = 0; path = "Core Data Example.app"; sourceTree = BUILT_PRODUCTS_DIR; };
		00AD3C071D33E6F0006B8751 /* AppDelegate.swift */ = {isa = PBXFileReference; lastKnownFileType = sourcecode.swift; path = AppDelegate.swift; sourceTree = "<group>"; };
		00AD3C091D33E6F0006B8751 /* ViewController.swift */ = {isa = PBXFileReference; lastKnownFileType = sourcecode.swift; path = ViewController.swift; sourceTree = "<group>"; };
		00AD3C0C1D33E6F0006B8751 /* Base */ = {isa = PBXFileReference; lastKnownFileType = file.storyboard; name = Base; path = Base.lproj/Main.storyboard; sourceTree = "<group>"; };
		00AD3C0E1D33E6F0006B8751 /* Assets.xcassets */ = {isa = PBXFileReference; lastKnownFileType = folder.assetcatalog; path = Assets.xcassets; sourceTree = "<group>"; };
		00AD3C111D33E6F0006B8751 /* Base */ = {isa = PBXFileReference; lastKnownFileType = file.storyboard; name = Base; path = Base.lproj/LaunchScreen.storyboard; sourceTree = "<group>"; };
		00AD3C131D33E6F0006B8751 /* Info.plist */ = {isa = PBXFileReference; lastKnownFileType = text.plist.xml; path = Info.plist; sourceTree = "<group>"; };
		00AD3C1B1D33E72F006B8751 /* Model.xcdatamodel */ = {isa = PBXFileReference; lastKnownFileType = wrapper.xcdatamodel; path = Model.xcdatamodel; sourceTree = "<group>"; };
		00AD3C1D1D33EF0C006B8751 /* TwitterUser+CoreDataProperties.swift */ = {isa = PBXFileReference; fileEncoding = 4; lastKnownFileType = sourcecode.swift; path = "TwitterUser+CoreDataProperties.swift"; sourceTree = "<group>"; };
		00AD3C1E1D33EF0C006B8751 /* TwitterUser.swift */ = {isa = PBXFileReference; fileEncoding = 4; lastKnownFileType = sourcecode.swift; path = TwitterUser.swift; sourceTree = "<group>"; };
		00AD3C1F1D33EF0C006B8751 /* Tweet+CoreDataProperties.swift */ = {isa = PBXFileReference; fileEncoding = 4; lastKnownFileType = sourcecode.swift; path = "Tweet+CoreDataProperties.swift"; sourceTree = "<group>"; };
		00AD3C201D33EF0C006B8751 /* Tweet.swift */ = {isa = PBXFileReference; fileEncoding = 4; lastKnownFileType = sourcecode.swift; path = Tweet.swift; sourceTree = "<group>"; };
/* End PBXFileReference section */

/* Begin PBXFrameworksBuildPhase section */
		00AD3C011D33E6F0006B8751 /* Frameworks */ = {
			isa = PBXFrameworksBuildPhase;
			buildActionMask = 2147483647;
			files = (
			);
			runOnlyForDeploymentPostprocessing = 0;
		};
/* End PBXFrameworksBuildPhase section */

/* Begin PBXGroup section */
		00AD3BFB1D33E6F0006B8751 = {
			isa = PBXGroup;
			children = (
				00AD3C061D33E6F0006B8751 /* Core Data Example */,
				00AD3C051D33E6F0006B8751 /* Products */,
			);
			sourceTree = "<group>";
		};
		00AD3C051D33E6F0006B8751 /* Products */ = {
			isa = PBXGroup;
			children = (
				00AD3C041D33E6F0006B8751 /* Core Data Example.app */,
			);
			name = Products;
			sourceTree = "<group>";
		};
		00AD3C061D33E6F0006B8751 /* Core Data Example */ = {
			isa = PBXGroup;
			children = (
				00AD3C1D1D33EF0C006B8751 /* TwitterUser+CoreDataProperties.swift */,
				00AD3C1E1D33EF0C006B8751 /* TwitterUser.swift */,
				00AD3C1F1D33EF0C006B8751 /* Tweet+CoreDataProperties.swift */,
				00AD3C201D33EF0C006B8751 /* Tweet.swift */,
				00AD3C191D33E720006B8751 /* Supporting Files */,
				00AD3C091D33E6F0006B8751 /* ViewController.swift */,
				00AD3C0B1D33E6F0006B8751 /* Main.storyboard */,
				00AD3C1A1D33E72F006B8751 /* Model.xcdatamodeld */,
			);
			path = "Core Data Example";
			sourceTree = "<group>";
		};
		00AD3C191D33E720006B8751 /* Supporting Files */ = {
			isa = PBXGroup;
			children = (
				00AD3C071D33E6F0006B8751 /* AppDelegate.swift */,
				00AD3C0E1D33E6F0006B8751 /* Assets.xcassets */,
				00AD3C101D33E6F0006B8751 /* LaunchScreen.storyboard */,
				00AD3C131D33E6F0006B8751 /* Info.plist */,
			);
			name = "Supporting Files";
			sourceTree = "<group>";
		};
/* End PBXGroup section */

/* Begin PBXNativeTarget section */
		00AD3C031D33E6F0006B8751 /* Core Data Example */ = {
			isa = PBXNativeTarget;
			buildConfigurationList = 00AD3C161D33E6F0006B8751 /* Build configuration list for PBXNativeTarget "Core Data Example" */;
			buildPhases = (
				00AD3C001D33E6F0006B8751 /* Sources */,
				00AD3C011D33E6F0006B8751 /* Frameworks */,
				00AD3C021D33E6F0006B8751 /* Resources */,
			);
			buildRules = (
			);
			dependencies = (
			);
			name = "Core Data Example";
			productName = "Core Data Example";
			productReference = 00AD3C041D33E6F0006B8751 /* Core Data Example.app */;
			productType = "com.apple.product-type.application";
		};
/* End PBXNativeTarget section */

/* Begin PBXProject section */
		00AD3BFC1D33E6F0006B8751 /* Project object */ = {
			isa = PBXProject;
			attributes = {
				LastSwiftUpdateCheck = 0730;
				LastUpgradeCheck = 0730;
				ORGANIZATIONNAME = "jeffrey dinh";
				TargetAttributes = {
					00AD3C031D33E6F0006B8751 = {
						CreatedOnToolsVersion = 7.3.1;
						DevelopmentTeam = 5JELCQ2NQZ;
					};
				};
			};
			buildConfigurationList = 00AD3BFF1D33E6F0006B8751 /* Build configuration list for PBXProject "Core Data Example" */;
			compatibilityVersion = "Xcode 3.2";
			developmentRegion = English;
			hasScannedForEncodings = 0;
			knownRegions = (
				en,
				Base,
			);
			mainGroup = 00AD3BFB1D33E6F0006B8751;
			productRefGroup = 00AD3C051D33E6F0006B8751 /* Products */;
			projectDirPath = "";
			projectRoot = "";
			targets = (
				00AD3C031D33E6F0006B8751 /* Core Data Example */,
			);
		};
/* End PBXProject section */

/* Begin PBXResourcesBuildPhase section */
		00AD3C021D33E6F0006B8751 /* Resources */ = {
			isa = PBXResourcesBuildPhase;
			buildActionMask = 2147483647;
			files = (
				00AD3C121D33E6F0006B8751 /* LaunchScreen.storyboard in Resources */,
				00AD3C0F1D33E6F0006B8751 /* Assets.xcassets in Resources */,
				00AD3C0D1D33E6F0006B8751 /* Main.storyboard in Resources */,
			);
			runOnlyForDeploymentPostprocessing = 0;
		};
/* End PBXResourcesBuildPhase section */

/* Begin PBXSourcesBuildPhase section */
		00AD3C001D33E6F0006B8751 /* Sources */ = {
			isa = PBXSourcesBuildPhase;
			buildActionMask = 2147483647;
			files = (
				00AD3C221D33EF0C006B8751 /* TwitterUser.swift in Sources */,
				00AD3C231D33EF0C006B8751 /* Tweet+CoreDataProperties.swift in Sources */,
				00AD3C211D33EF0C006B8751 /* TwitterUser+CoreDataProperties.swift in Sources */,
				00AD3C241D33EF0C006B8751 /* Tweet.swift in Sources */,
				00AD3C0A1D33E6F0006B8751 /* ViewController.swift in Sources */,
				00AD3C081D33E6F0006B8751 /* AppDelegate.swift in Sources */,
				00AD3C1C1D33E72F006B8751 /* Model.xcdatamodeld in Sources */,
			);
			runOnlyForDeploymentPostprocessing = 0;
		};
/* End PBXSourcesBuildPhase section */

/* Begin PBXVariantGroup section */
		00AD3C0B1D33E6F0006B8751 /* Main.storyboard */ = {
			isa = PBXVariantGroup;
			children = (
				00AD3C0C1D33E6F0006B8751 /* Base */,
			);
			name = Main.storyboard;
			sourceTree = "<group>";
		};
		00AD3C101D33E6F0006B8751 /* LaunchScreen.storyboard */ = {
			isa = PBXVariantGroup;
			children = (
				00AD3C111D33E6F0006B8751 /* Base */,
			);
			name = LaunchScreen.storyboard;
			sourceTree = "<group>";
		};
/* End PBXVariantGroup section */

/* Begin XCBuildConfiguration section */
		00AD3C141D33E6F0006B8751 /* Debug */ = {
			isa = XCBuildConfiguration;
			buildSettings = {
				ALWAYS_SEARCH_USER_PATHS = NO;
				CLANG_ANALYZER_NONNULL = YES;
				CLANG_CXX_LANGUAGE_STANDARD = "gnu++0x";
				CLANG_CXX_LIBRARY = "libc++";
				CLANG_ENABLE_MODULES = YES;
				CLANG_ENABLE_OBJC_ARC = YES;
				CLANG_WARN_BOOL_CONVERSION = YES;
				CLANG_WARN_CONSTANT_CONVERSION = YES;
				CLANG_WARN_DIRECT_OBJC_ISA_USAGE = YES_ERROR;
				CLANG_WARN_EMPTY_BODY = YES;
				CLANG_WARN_ENUM_CONVERSION = YES;
				CLANG_WARN_INT_CONVERSION = YES;
				CLANG_WARN_OBJC_ROOT_CLASS = YES_ERROR;
				CLANG_WARN_UNREACHABLE_CODE = YES;
				CLANG_WARN__DUPLICATE_METHOD_MATCH = YES;
				"CODE_SIGN_IDENTITY[sdk=iphoneos*]" = "iPhone Developer";
				COPY_PHASE_STRIP = NO;
				DEBUG_INFORMATION_FORMAT = dwarf;
				ENABLE_STRICT_OBJC_MSGSEND = YES;
				ENABLE_TESTABILITY = YES;
				GCC_C_LANGUAGE_STANDARD = gnu99;
				GCC_DYNAMIC_NO_PIC = NO;
				GCC_NO_COMMON_BLOCKS = YES;
				GCC_OPTIMIZATION_LEVEL = 0;
				GCC_PREPROCESSOR_DEFINITIONS = (
					"DEBUG=1",
					"$(inherited)",
				);
				GCC_WARN_64_TO_32_BIT_CONVERSION = YES;
				GCC_WARN_ABOUT_RETURN_TYPE = YES_ERROR;
				GCC_WARN_UNDECLARED_SELECTOR = YES;
				GCC_WARN_UNINITIALIZED_AUTOS = YES_AGGRESSIVE;
				GCC_WARN_UNUSED_FUNCTION = YES;
				GCC_WARN_UNUSED_VARIABLE = YES;
				IPHONEOS_DEPLOYMENT_TARGET = 9.3;
				MTL_ENABLE_DEBUG_INFO = YES;
				ONLY_ACTIVE_ARCH = YES;
				SDKROOT = iphoneos;
				SWIFT_OPTIMIZATION_LEVEL = "-Onone";
			};
			name = Debug;
		};
		00AD3C151D33E6F0006B8751 /* Release */ = {
			isa = XCBuildConfiguration;
			buildSettings = {
				ALWAYS_SEARCH_USER_PATHS = NO;
				CLANG_ANALYZER_NONNULL = YES;
				CLANG_CXX_LANGUAGE_STANDARD = "gnu++0x";
				CLANG_CXX_LIBRARY = "libc++";
				CLANG_ENABLE_MODULES = YES;
				CLANG_ENABLE_OBJC_ARC = YES;
				CLANG_WARN_BOOL_CONVERSION = YES;
				CLANG_WARN_CONSTANT_CONVERSION = YES;
				CLANG_WARN_DIRECT_OBJC_ISA_USAGE = YES_ERROR;
				CLANG_WARN_EMPTY_BODY = YES;
				CLANG_WARN_ENUM_CONVERSION = YES;
				CLANG_WARN_INT_CONVERSION = YES;
				CLANG_WARN_OBJC_ROOT_CLASS = YES_ERROR;
				CLANG_WARN_UNREACHABLE_CODE = YES;
				CLANG_WARN__DUPLICATE_METHOD_MATCH = YES;
				"CODE_SIGN_IDENTITY[sdk=iphoneos*]" = "iPhone Developer";
				COPY_PHASE_STRIP = NO;
				DEBUG_INFORMATION_FORMAT = "dwarf-with-dsym";
				ENABLE_NS_ASSERTIONS = NO;
				ENABLE_STRICT_OBJC_MSGSEND = YES;
				GCC_C_LANGUAGE_STANDARD = gnu99;
				GCC_NO_COMMON_BLOCKS = YES;
				GCC_WARN_64_TO_32_BIT_CONVERSION = YES;
				GCC_WARN_ABOUT_RETURN_TYPE = YES_ERROR;
				GCC_WARN_UNDECLARED_SELECTOR = YES;
				GCC_WARN_UNINITIALIZED_AUTOS = YES_AGGRESSIVE;
				GCC_WARN_UNUSED_FUNCTION = YES;
				GCC_WARN_UNUSED_VARIABLE = YES;
				IPHONEOS_DEPLOYMENT_TARGET = 9.3;
				MTL_ENABLE_DEBUG_INFO = NO;
				SDKROOT = iphoneos;
				VALIDATE_PRODUCT = YES;
			};
			name = Release;
		};
		00AD3C171D33E6F0006B8751 /* Debug */ = {
			isa = XCBuildConfiguration;
			buildSettings = {
				ASSETCATALOG_COMPILER_APPICON_NAME = AppIcon;
				INFOPLIST_FILE = "Core Data Example/Info.plist";
				LD_RUNPATH_SEARCH_PATHS = "$(inherited) @executable_path/Frameworks";
				PRODUCT_BUNDLE_IDENTIFIER = "com.dindledoo.Core-Data-Example";
				PRODUCT_NAME = "$(TARGET_NAME)";
			};
			name = Debug;
		};
		00AD3C181D33E6F0006B8751 /* Release */ = {
			isa = XCBuildConfiguration;
			buildSettings = {
				ASSETCATALOG_COMPILER_APPICON_NAME = AppIcon;
				INFOPLIST_FILE = "Core Data Example/Info.plist";
				LD_RUNPATH_SEARCH_PATHS = "$(inherited) @executable_path/Frameworks";
				PRODUCT_BUNDLE_IDENTIFIER = "com.dindledoo.Core-Data-Example";
				PRODUCT_NAME = "$(TARGET_NAME)";
			};
			name = Release;
		};
/* End XCBuildConfiguration section */

/* Begin XCConfigurationList section */
		00AD3BFF1D33E6F0006B8751 /* Build configuration list for PBXProject "Core Data Example" */ = {
			isa = XCConfigurationList;
			buildConfigurations = (
				00AD3C141D33E6F0006B8751 /* Debug */,
				00AD3C151D33E6F0006B8751 /* Release */,
			);
			defaultConfigurationIsVisible = 0;
			defaultConfigurationName = Release;
		};
		00AD3C161D33E6F0006B8751 /* Build configuration list for PBXNativeTarget "Core Data Example" */ = {
			isa = XCConfigurationList;
			buildConfigurations = (
				00AD3C171D33E6F0006B8751 /* Debug */,
				00AD3C181D33E6F0006B8751 /* Release */,
			);
			defaultConfigurationIsVisible = 0;
		};
/* End XCConfigurationList section */

/* Begin XCVersionGroup section */
		00AD3C1A1D33E72F006B8751 /* Model.xcdatamodeld */ = {
			isa = XCVersionGroup;
			children = (
				00AD3C1B1D33E72F006B8751 /* Model.xcdatamodel */,
			);
			currentVersion = 00AD3C1B1D33E72F006B8751 /* Model.xcdatamodel */;
			path = Model.xcdatamodeld;
			sourceTree = "<group>";
			versionGroupType = wrapper.xcdatamodel;
		};
/* End XCVersionGroup section */
	};
	rootObject = 00AD3BFC1D33E6F0006B8751 /* Project object */;
}
