// !$*UTF8*$!
{
	archiveVersion = 1;
	classes = {
	};
	objectVersion = 46;
	objects = {

/* Begin PBXBuildFile section */
		604CB9AF1D11048F0001209A /* AppDelegate.swift in Sources */ = {isa = PBXBuildFile; fileRef = 604CB9AE1D11048F0001209A /* AppDelegate.swift */; };
		604CB9B11D11048F0001209A /* ColorVC.swift in Sources */ = {isa = PBXBuildFile; fileRef = 604CB9B01D11048F0001209A /* ColorVC.swift */; };
		604CB9B41D11048F0001209A /* Main.storyboard in Resources */ = {isa = PBXBuildFile; fileRef = 604CB9B21D11048F0001209A /* Main.storyboard */; };
		604CB9B61D11048F0001209A /* Assets.xcassets in Resources */ = {isa = PBXBuildFile; fileRef = 604CB9B51D11048F0001209A /* Assets.xcassets */; };
		604CB9B91D11048F0001209A /* LaunchScreen.storyboard in Resources */ = {isa = PBXBuildFile; fileRef = 604CB9B71D11048F0001209A /* LaunchScreen.storyboard */; };
		604CB9C41D11048F0001209A /* ColorPickerPlayTests.swift in Sources */ = {isa = PBXBuildFile; fileRef = 604CB9C31D11048F0001209A /* ColorPickerPlayTests.swift */; };
		604CB9CF1D11048F0001209A /* ColorPickerPlayUITests.swift in Sources */ = {isa = PBXBuildFile; fileRef = 604CB9CE1D11048F0001209A /* ColorPickerPlayUITests.swift */; };
		604CB9DD1D1105C10001209A /* ChooseColorVC.swift in Sources */ = {isa = PBXBuildFile; fileRef = 604CB9DC1D1105C10001209A /* ChooseColorVC.swift */; };
/* End PBXBuildFile section */

/* Begin PBXContainerItemProxy section */
		604CB9C01D11048F0001209A /* PBXContainerItemProxy */ = {
			isa = PBXContainerItemProxy;
			containerPortal = 604CB9A31D11048F0001209A /* Project object */;
			proxyType = 1;
			remoteGlobalIDString = 604CB9AA1D11048F0001209A;
			remoteInfo = ColorPickerPlay;
		};
		604CB9CB1D11048F0001209A /* PBXContainerItemProxy */ = {
			isa = PBXContainerItemProxy;
			containerPortal = 604CB9A31D11048F0001209A /* Project object */;
			proxyType = 1;
			remoteGlobalIDString = 604CB9AA1D11048F0001209A;
			remoteInfo = ColorPickerPlay;
		};
/* End PBXContainerItemProxy section */

/* Begin PBXFileReference section */
		604CB9AB1D11048F0001209A /* ColorPickerPlay.app */ = {isa = PBXFileReference; explicitFileType = wrapper.application; includeInIndex = 0; path = ColorPickerPlay.app; sourceTree = BUILT_PRODUCTS_DIR; };
		604CB9AE1D11048F0001209A /* AppDelegate.swift */ = {isa = PBXFileReference; lastKnownFileType = sourcecode.swift; path = AppDelegate.swift; sourceTree = "<group>"; };
		604CB9B01D11048F0001209A /* ColorVC.swift */ = {isa = PBXFileReference; lastKnownFileType = sourcecode.swift; path = ColorVC.swift; sourceTree = "<group>"; };
		604CB9B31D11048F0001209A /* Base */ = {isa = PBXFileReference; lastKnownFileType = file.storyboard; name = Base; path = Base.lproj/Main.storyboard; sourceTree = "<group>"; };
		604CB9B51D11048F0001209A /* Assets.xcassets */ = {isa = PBXFileReference; lastKnownFileType = folder.assetcatalog; path = Assets.xcassets; sourceTree = "<group>"; };
		604CB9B81D11048F0001209A /* Base */ = {isa = PBXFileReference; lastKnownFileType = file.storyboard; name = Base; path = Base.lproj/LaunchScreen.storyboard; sourceTree = "<group>"; };
		604CB9BA1D11048F0001209A /* Info.plist */ = {isa = PBXFileReference; lastKnownFileType = text.plist.xml; path = Info.plist; sourceTree = "<group>"; };
		604CB9BF1D11048F0001209A /* ColorPickerPlayTests.xctest */ = {isa = PBXFileReference; explicitFileType = wrapper.cfbundle; includeInIndex = 0; path = ColorPickerPlayTests.xctest; sourceTree = BUILT_PRODUCTS_DIR; };
		604CB9C31D11048F0001209A /* ColorPickerPlayTests.swift */ = {isa = PBXFileReference; lastKnownFileType = sourcecode.swift; path = ColorPickerPlayTests.swift; sourceTree = "<group>"; };
		604CB9C51D11048F0001209A /* Info.plist */ = {isa = PBXFileReference; lastKnownFileType = text.plist.xml; path = Info.plist; sourceTree = "<group>"; };
		604CB9CA1D11048F0001209A /* ColorPickerPlayUITests.xctest */ = {isa = PBXFileReference; explicitFileType = wrapper.cfbundle; includeInIndex = 0; path = ColorPickerPlayUITests.xctest; sourceTree = BUILT_PRODUCTS_DIR; };
		604CB9CE1D11048F0001209A /* ColorPickerPlayUITests.swift */ = {isa = PBXFileReference; lastKnownFileType = sourcecode.swift; path = ColorPickerPlayUITests.swift; sourceTree = "<group>"; };
		604CB9D01D11048F0001209A /* Info.plist */ = {isa = PBXFileReference; lastKnownFileType = text.plist.xml; path = Info.plist; sourceTree = "<group>"; };
		604CB9DC1D1105C10001209A /* ChooseColorVC.swift */ = {isa = PBXFileReference; fileEncoding = 4; lastKnownFileType = sourcecode.swift; path = ChooseColorVC.swift; sourceTree = "<group>"; };
/* End PBXFileReference section */

/* Begin PBXFrameworksBuildPhase section */
		604CB9A81D11048F0001209A /* Frameworks */ = {
			isa = PBXFrameworksBuildPhase;
			buildActionMask = 2147483647;
			files = (
			);
			runOnlyForDeploymentPostprocessing = 0;
		};
		604CB9BC1D11048F0001209A /* Frameworks */ = {
			isa = PBXFrameworksBuildPhase;
			buildActionMask = 2147483647;
			files = (
			);
			runOnlyForDeploymentPostprocessing = 0;
		};
		604CB9C71D11048F0001209A /* Frameworks */ = {
			isa = PBXFrameworksBuildPhase;
			buildActionMask = 2147483647;
			files = (
			);
			runOnlyForDeploymentPostprocessing = 0;
		};
/* End PBXFrameworksBuildPhase section */

/* Begin PBXGroup section */
		604CB9A21D11048F0001209A = {
			isa = PBXGroup;
			children = (
				604CB9AD1D11048F0001209A /* ColorPickerPlay */,
				604CB9C21D11048F0001209A /* ColorPickerPlayTests */,
				604CB9CD1D11048F0001209A /* ColorPickerPlayUITests */,
				604CB9AC1D11048F0001209A /* Products */,
			);
			sourceTree = "<group>";
		};
		604CB9AC1D11048F0001209A /* Products */ = {
			isa = PBXGroup;
			children = (
				604CB9AB1D11048F0001209A /* ColorPickerPlay.app */,
				604CB9BF1D11048F0001209A /* ColorPickerPlayTests.xctest */,
				604CB9CA1D11048F0001209A /* ColorPickerPlayUITests.xctest */,
			);
			name = Products;
			sourceTree = "<group>";
		};
		604CB9AD1D11048F0001209A /* ColorPickerPlay */ = {
			isa = PBXGroup;
			children = (
				604CB9AE1D11048F0001209A /* AppDelegate.swift */,
				604CB9B01D11048F0001209A /* ColorVC.swift */,
				604CB9DC1D1105C10001209A /* ChooseColorVC.swift */,
				604CB9B21D11048F0001209A /* Main.storyboard */,
				604CB9B51D11048F0001209A /* Assets.xcassets */,
				604CB9B71D11048F0001209A /* LaunchScreen.storyboard */,
				604CB9BA1D11048F0001209A /* Info.plist */,
			);
			path = ColorPickerPlay;
			sourceTree = "<group>";
		};
		604CB9C21D11048F0001209A /* ColorPickerPlayTests */ = {
			isa = PBXGroup;
			children = (
				604CB9C31D11048F0001209A /* ColorPickerPlayTests.swift */,
				604CB9C51D11048F0001209A /* Info.plist */,
			);
			path = ColorPickerPlayTests;
			sourceTree = "<group>";
		};
		604CB9CD1D11048F0001209A /* ColorPickerPlayUITests */ = {
			isa = PBXGroup;
			children = (
				604CB9CE1D11048F0001209A /* ColorPickerPlayUITests.swift */,
				604CB9D01D11048F0001209A /* Info.plist */,
			);
			path = ColorPickerPlayUITests;
			sourceTree = "<group>";
		};
/* End PBXGroup section */

/* Begin PBXNativeTarget section */
		604CB9AA1D11048F0001209A /* ColorPickerPlay */ = {
			isa = PBXNativeTarget;
			buildConfigurationList = 604CB9D31D11048F0001209A /* Build configuration list for PBXNativeTarget "ColorPickerPlay" */;
			buildPhases = (
				604CB9A71D11048F0001209A /* Sources */,
				604CB9A81D11048F0001209A /* Frameworks */,
				604CB9A91D11048F0001209A /* Resources */,
			);
			buildRules = (
			);
			dependencies = (
			);
			name = ColorPickerPlay;
			productName = ColorPickerPlay;
			productReference = 604CB9AB1D11048F0001209A /* ColorPickerPlay.app */;
			productType = "com.apple.product-type.application";
		};
		604CB9BE1D11048F0001209A /* ColorPickerPlayTests */ = {
			isa = PBXNativeTarget;
			buildConfigurationList = 604CB9D61D11048F0001209A /* Build configuration list for PBXNativeTarget "ColorPickerPlayTests" */;
			buildPhases = (
				604CB9BB1D11048F0001209A /* Sources */,
				604CB9BC1D11048F0001209A /* Frameworks */,
				604CB9BD1D11048F0001209A /* Resources */,
			);
			buildRules = (
			);
			dependencies = (
				604CB9C11D11048F0001209A /* PBXTargetDependency */,
			);
			name = ColorPickerPlayTests;
			productName = ColorPickerPlayTests;
			productReference = 604CB9BF1D11048F0001209A /* ColorPickerPlayTests.xctest */;
			productType = "com.apple.product-type.bundle.unit-test";
		};
		604CB9C91D11048F0001209A /* ColorPickerPlayUITests */ = {
			isa = PBXNativeTarget;
			buildConfigurationList = 604CB9D91D11048F0001209A /* Build configuration list for PBXNativeTarget "ColorPickerPlayUITests" */;
			buildPhases = (
				604CB9C61D11048F0001209A /* Sources */,
				604CB9C71D11048F0001209A /* Frameworks */,
				604CB9C81D11048F0001209A /* Resources */,
			);
			buildRules = (
			);
			dependencies = (
				604CB9CC1D11048F0001209A /* PBXTargetDependency */,
			);
			name = ColorPickerPlayUITests;
			productName = ColorPickerPlayUITests;
			productReference = 604CB9CA1D11048F0001209A /* ColorPickerPlayUITests.xctest */;
			productType = "com.apple.product-type.bundle.ui-testing";
		};
/* End PBXNativeTarget section */

/* Begin PBXProject section */
		604CB9A31D11048F0001209A /* Project object */ = {
			isa = PBXProject;
			attributes = {
				LastSwiftUpdateCheck = 0730;
				LastUpgradeCheck = 0730;
				ORGANIZATIONNAME = Ozate;
				TargetAttributes = {
					604CB9AA1D11048F0001209A = {
						CreatedOnToolsVersion = 7.3.1;
					};
					604CB9BE1D11048F0001209A = {
						CreatedOnToolsVersion = 7.3.1;
						TestTargetID = 604CB9AA1D11048F0001209A;
					};
					604CB9C91D11048F0001209A = {
						CreatedOnToolsVersion = 7.3.1;
						TestTargetID = 604CB9AA1D11048F0001209A;
					};
				};
			};
			buildConfigurationList = 604CB9A61D11048F0001209A /* Build configuration list for PBXProject "ColorPickerPlay" */;
			compatibilityVersion = "Xcode 3.2";
			developmentRegion = English;
			hasScannedForEncodings = 0;
			knownRegions = (
				en,
				Base,
			);
			mainGroup = 604CB9A21D11048F0001209A;
			productRefGroup = 604CB9AC1D11048F0001209A /* Products */;
			projectDirPath = "";
			projectRoot = "";
			targets = (
				604CB9AA1D11048F0001209A /* ColorPickerPlay */,
				604CB9BE1D11048F0001209A /* ColorPickerPlayTests */,
				604CB9C91D11048F0001209A /* ColorPickerPlayUITests */,
			);
		};
/* End PBXProject section */

/* Begin PBXResourcesBuildPhase section */
		604CB9A91D11048F0001209A /* Resources */ = {
			isa = PBXResourcesBuildPhase;
			buildActionMask = 2147483647;
			files = (
				604CB9B91D11048F0001209A /* LaunchScreen.storyboard in Resources */,
				604CB9B61D11048F0001209A /* Assets.xcassets in Resources */,
				604CB9B41D11048F0001209A /* Main.storyboard in Resources */,
			);
			runOnlyForDeploymentPostprocessing = 0;
		};
		604CB9BD1D11048F0001209A /* Resources */ = {
			isa = PBXResourcesBuildPhase;
			buildActionMask = 2147483647;
			files = (
			);
			runOnlyForDeploymentPostprocessing = 0;
		};
		604CB9C81D11048F0001209A /* Resources */ = {
			isa = PBXResourcesBuildPhase;
			buildActionMask = 2147483647;
			files = (
			);
			runOnlyForDeploymentPostprocessing = 0;
		};
/* End PBXResourcesBuildPhase section */

/* Begin PBXSourcesBuildPhase section */
		604CB9A71D11048F0001209A /* Sources */ = {
			isa = PBXSourcesBuildPhase;
			buildActionMask = 2147483647;
			files = (
				604CB9B11D11048F0001209A /* ColorVC.swift in Sources */,
				604CB9AF1D11048F0001209A /* AppDelegate.swift in Sources */,
				604CB9DD1D1105C10001209A /* ChooseColorVC.swift in Sources */,
			);
			runOnlyForDeploymentPostprocessing = 0;
		};
		604CB9BB1D11048F0001209A /* Sources */ = {
			isa = PBXSourcesBuildPhase;
			buildActionMask = 2147483647;
			files = (
				604CB9C41D11048F0001209A /* ColorPickerPlayTests.swift in Sources */,
			);
			runOnlyForDeploymentPostprocessing = 0;
		};
		604CB9C61D11048F0001209A /* Sources */ = {
			isa = PBXSourcesBuildPhase;
			buildActionMask = 2147483647;
			files = (
				604CB9CF1D11048F0001209A /* ColorPickerPlayUITests.swift in Sources */,
			);
			runOnlyForDeploymentPostprocessing = 0;
		};
/* End PBXSourcesBuildPhase section */

/* Begin PBXTargetDependency section */
		604CB9C11D11048F0001209A /* PBXTargetDependency */ = {
			isa = PBXTargetDependency;
			target = 604CB9AA1D11048F0001209A /* ColorPickerPlay */;
			targetProxy = 604CB9C01D11048F0001209A /* PBXContainerItemProxy */;
		};
		604CB9CC1D11048F0001209A /* PBXTargetDependency */ = {
			isa = PBXTargetDependency;
			target = 604CB9AA1D11048F0001209A /* ColorPickerPlay */;
			targetProxy = 604CB9CB1D11048F0001209A /* PBXContainerItemProxy */;
		};
/* End PBXTargetDependency section */

/* Begin PBXVariantGroup section */
		604CB9B21D11048F0001209A /* Main.storyboard */ = {
			isa = PBXVariantGroup;
			children = (
				604CB9B31D11048F0001209A /* Base */,
			);
			name = Main.storyboard;
			sourceTree = "<group>";
		};
		604CB9B71D11048F0001209A /* LaunchScreen.storyboard */ = {
			isa = PBXVariantGroup;
			children = (
				604CB9B81D11048F0001209A /* Base */,
			);
			name = LaunchScreen.storyboard;
			sourceTree = "<group>";
		};
/* End PBXVariantGroup section */

/* Begin XCBuildConfiguration section */
		604CB9D11D11048F0001209A /* Debug */ = {
			isa = XCBuildConfiguration;
			buildSettings = {
				ALWAYS_SEARCH_USER_PATHS = NO;
				CLANG_ANALYZER_NONNULL = YES;
				CLANG_CXX_LANGUAGE_STANDARD = "gnu++0x";
				CLANG_CXX_LIBRARY = "libc++";
				CLANG_ENABLE_MODULES = YES;
				CLANG_ENABLE_OBJC_ARC = YES;
				CLANG_WARN_BOOL_CONVERSION = YES;
				CLANG_WARN_CONSTANT_CONVERSION = YES;
				CLANG_WARN_DIRECT_OBJC_ISA_USAGE = YES_ERROR;
				CLANG_WARN_EMPTY_BODY = YES;
				CLANG_WARN_ENUM_CONVERSION = YES;
				CLANG_WARN_INT_CONVERSION = YES;
				CLANG_WARN_OBJC_ROOT_CLASS = YES_ERROR;
				CLANG_WARN_UNREACHABLE_CODE = YES;
				CLANG_WARN__DUPLICATE_METHOD_MATCH = YES;
				"CODE_SIGN_IDENTITY[sdk=iphoneos*]" = "iPhone Developer";
				COPY_PHASE_STRIP = NO;
				DEBUG_INFORMATION_FORMAT = dwarf;
				ENABLE_STRICT_OBJC_MSGSEND = YES;
				ENABLE_TESTABILITY = YES;
				GCC_C_LANGUAGE_STANDARD = gnu99;
				GCC_DYNAMIC_NO_PIC = NO;
				GCC_NO_COMMON_BLOCKS = YES;
				GCC_OPTIMIZATION_LEVEL = 0;
				GCC_PREPROCESSOR_DEFINITIONS = (
					"DEBUG=1",
					"$(inherited)",
				);
				GCC_WARN_64_TO_32_BIT_CONVERSION = YES;
				GCC_WARN_ABOUT_RETURN_TYPE = YES_ERROR;
				GCC_WARN_UNDECLARED_SELECTOR = YES;
				GCC_WARN_UNINITIALIZED_AUTOS = YES_AGGRESSIVE;
				GCC_WARN_UNUSED_FUNCTION = YES;
				GCC_WARN_UNUSED_VARIABLE = YES;
				IPHONEOS_DEPLOYMENT_TARGET = 9.3;
				MTL_ENABLE_DEBUG_INFO = YES;
				ONLY_ACTIVE_ARCH = YES;
				SDKROOT = iphoneos;
				SWIFT_OPTIMIZATION_LEVEL = "-Onone";
				TARGETED_DEVICE_FAMILY = "1,2";
			};
			name = Debug;
		};
		604CB9D21D11048F0001209A /* Release */ = {
			isa = XCBuildConfiguration;
			buildSettings = {
				ALWAYS_SEARCH_USER_PATHS = NO;
				CLANG_ANALYZER_NONNULL = YES;
				CLANG_CXX_LANGUAGE_STANDARD = "gnu++0x";
				CLANG_CXX_LIBRARY = "libc++";
				CLANG_ENABLE_MODULES = YES;
				CLANG_ENABLE_OBJC_ARC = YES;
				CLANG_WARN_BOOL_CONVERSION = YES;
				CLANG_WARN_CONSTANT_CONVERSION = YES;
				CLANG_WARN_DIRECT_OBJC_ISA_USAGE = YES_ERROR;
				CLANG_WARN_EMPTY_BODY = YES;
				CLANG_WARN_ENUM_CONVERSION = YES;
				CLANG_WARN_INT_CONVERSION = YES;
				CLANG_WARN_OBJC_ROOT_CLASS = YES_ERROR;
				CLANG_WARN_UNREACHABLE_CODE = YES;
				CLANG_WARN__DUPLICATE_METHOD_MATCH = YES;
				"CODE_SIGN_IDENTITY[sdk=iphoneos*]" = "iPhone Developer";
				COPY_PHASE_STRIP = NO;
				DEBUG_INFORMATION_FORMAT = "dwarf-with-dsym";
				ENABLE_NS_ASSERTIONS = NO;
				ENABLE_STRICT_OBJC_MSGSEND = YES;
				GCC_C_LANGUAGE_STANDARD = gnu99;
				GCC_NO_COMMON_BLOCKS = YES;
				GCC_WARN_64_TO_32_BIT_CONVERSION = YES;
				GCC_WARN_ABOUT_RETURN_TYPE = YES_ERROR;
				GCC_WARN_UNDECLARED_SELECTOR = YES;
				GCC_WARN_UNINITIALIZED_AUTOS = YES_AGGRESSIVE;
				GCC_WARN_UNUSED_FUNCTION = YES;
				GCC_WARN_UNUSED_VARIABLE = YES;
				IPHONEOS_DEPLOYMENT_TARGET = 9.3;
				MTL_ENABLE_DEBUG_INFO = NO;
				SDKROOT = iphoneos;
				TARGETED_DEVICE_FAMILY = "1,2";
				VALIDATE_PRODUCT = YES;
			};
			name = Release;
		};
		604CB9D41D11048F0001209A /* Debug */ = {
			isa = XCBuildConfiguration;
			buildSettings = {
				ASSETCATALOG_COMPILER_APPICON_NAME = AppIcon;
				INFOPLIST_FILE = ColorPickerPlay/Info.plist;
				LD_RUNPATH_SEARCH_PATHS = "$(inherited) @executable_path/Frameworks";
				PRODUCT_BUNDLE_IDENTIFIER = com.ozate.ColorPickerPlay;
				PRODUCT_NAME = "$(TARGET_NAME)";
			};
			name = Debug;
		};
		604CB9D51D11048F0001209A /* Release */ = {
			isa = XCBuildConfiguration;
			buildSettings = {
				ASSETCATALOG_COMPILER_APPICON_NAME = AppIcon;
				INFOPLIST_FILE = ColorPickerPlay/Info.plist;
				LD_RUNPATH_SEARCH_PATHS = "$(inherited) @executable_path/Frameworks";
				PRODUCT_BUNDLE_IDENTIFIER = com.ozate.ColorPickerPlay;
				PRODUCT_NAME = "$(TARGET_NAME)";
			};
			name = Release;
		};
		604CB9D71D11048F0001209A /* Debug */ = {
			isa = XCBuildConfiguration;
			buildSettings = {
				BUNDLE_LOADER = "$(TEST_HOST)";
				INFOPLIST_FILE = ColorPickerPlayTests/Info.plist;
				LD_RUNPATH_SEARCH_PATHS = "$(inherited) @executable_path/Frameworks @loader_path/Frameworks";
				PRODUCT_BUNDLE_IDENTIFIER = com.ozate.ColorPickerPlayTests;
				PRODUCT_NAME = "$(TARGET_NAME)";
				TEST_HOST = "$(BUILT_PRODUCTS_DIR)/ColorPickerPlay.app/ColorPickerPlay";
			};
			name = Debug;
		};
		604CB9D81D11048F0001209A /* Release */ = {
			isa = XCBuildConfiguration;
			buildSettings = {
				BUNDLE_LOADER = "$(TEST_HOST)";
				INFOPLIST_FILE = ColorPickerPlayTests/Info.plist;
				LD_RUNPATH_SEARCH_PATHS = "$(inherited) @executable_path/Frameworks @loader_path/Frameworks";
				PRODUCT_BUNDLE_IDENTIFIER = com.ozate.ColorPickerPlayTests;
				PRODUCT_NAME = "$(TARGET_NAME)";
				TEST_HOST = "$(BUILT_PRODUCTS_DIR)/ColorPickerPlay.app/ColorPickerPlay";
			};
			name = Release;
		};
		604CB9DA1D11048F0001209A /* Debug */ = {
			isa = XCBuildConfiguration;
			buildSettings = {
				INFOPLIST_FILE = ColorPickerPlayUITests/Info.plist;
				LD_RUNPATH_SEARCH_PATHS = "$(inherited) @executable_path/Frameworks @loader_path/Frameworks";
				PRODUCT_BUNDLE_IDENTIFIER = com.ozate.ColorPickerPlayUITests;
				PRODUCT_NAME = "$(TARGET_NAME)";
				TEST_TARGET_NAME = ColorPickerPlay;
			};
			name = Debug;
		};
		604CB9DB1D11048F0001209A /* Release */ = {
			isa = XCBuildConfiguration;
			buildSettings = {
				INFOPLIST_FILE = ColorPickerPlayUITests/Info.plist;
				LD_RUNPATH_SEARCH_PATHS = "$(inherited) @executable_path/Frameworks @loader_path/Frameworks";
				PRODUCT_BUNDLE_IDENTIFIER = com.ozate.ColorPickerPlayUITests;
				PRODUCT_NAME = "$(TARGET_NAME)";
				TEST_TARGET_NAME = ColorPickerPlay;
			};
			name = Release;
		};
/* End XCBuildConfiguration section */

/* Begin XCConfigurationList section */
		604CB9A61D11048F0001209A /* Build configuration list for PBXProject "ColorPickerPlay" */ = {
			isa = XCConfigurationList;
			buildConfigurations = (
				604CB9D11D11048F0001209A /* Debug */,
				604CB9D21D11048F0001209A /* Release */,
			);
			defaultConfigurationIsVisible = 0;
			defaultConfigurationName = Release;
		};
		604CB9D31D11048F0001209A /* Build configuration list for PBXNativeTarget "ColorPickerPlay" */ = {
			isa = XCConfigurationList;
			buildConfigurations = (
				604CB9D41D11048F0001209A /* Debug */,
				604CB9D51D11048F0001209A /* Release */,
			);
			defaultConfigurationIsVisible = 0;
		};
		604CB9D61D11048F0001209A /* Build configuration list for PBXNativeTarget "ColorPickerPlayTests" */ = {
			isa = XCConfigurationList;
			buildConfigurations = (
				604CB9D71D11048F0001209A /* Debug */,
				604CB9D81D11048F0001209A /* Release */,
			);
			defaultConfigurationIsVisible = 0;
		};
		604CB9D91D11048F0001209A /* Build configuration list for PBXNativeTarget "ColorPickerPlayUITests" */ = {
			isa = XCConfigurationList;
			buildConfigurations = (
				604CB9DA1D11048F0001209A /* Debug */,
				604CB9DB1D11048F0001209A /* Release */,
			);
			defaultConfigurationIsVisible = 0;
		};
/* End XCConfigurationList section */
	};
	rootObject = 604CB9A31D11048F0001209A /* Project object */;
}
