// !$*UTF8*$!
{
	archiveVersion = 1;
	classes = {
	};
	objectVersion = 46;
	objects = {

/* Begin PBXBuildFile section */
		420C6C571A8DD37D00071FB6 /* IceCreamShopTests.swift in Sources */ = {isa = PBXBuildFile; fileRef = 420C6C561A8DD37D00071FB6 /* IceCreamShopTests.swift */; };
		4274BF171A88264600937936 /* Images.xcassets in Resources */ = {isa = PBXBuildFile; fileRef = 4274BF161A88264600937936 /* Images.xcassets */; };
		4274BF191A88268F00937936 /* LaunchScreen.xib in Resources */ = {isa = PBXBuildFile; fileRef = 4274BF181A88268F00937936 /* LaunchScreen.xib */; };
		4274BF1C1A88274600937936 /* Flavor.swift in Sources */ = {isa = PBXBuildFile; fileRef = 4274BF1B1A88274600937936 /* Flavor.swift */; };
		4274BF211A88371900937936 /* PickFlavorDataSource.swift in Sources */ = {isa = PBXBuildFile; fileRef = 4274BF201A88371900937936 /* PickFlavorDataSource.swift */; };
		4274BF231A88518B00937936 /* ScoopCell.swift in Sources */ = {isa = PBXBuildFile; fileRef = 4274BF221A88518B00937936 /* ScoopCell.swift */; };
		4274BF251A88523300937936 /* ScoopView.swift in Sources */ = {isa = PBXBuildFile; fileRef = 4274BF241A88523300937936 /* ScoopView.swift */; };
		42801B551A881DF600DEB026 /* AppDelegate.swift in Sources */ = {isa = PBXBuildFile; fileRef = 42801B541A881DF600DEB026 /* AppDelegate.swift */; };
		42801B571A881DF600DEB026 /* PickFlavorViewController.swift in Sources */ = {isa = PBXBuildFile; fileRef = 42801B561A881DF600DEB026 /* PickFlavorViewController.swift */; };
		42801B5A1A881DF600DEB026 /* Main.storyboard in Resources */ = {isa = PBXBuildFile; fileRef = 42801B581A881DF600DEB026 /* Main.storyboard */; };
		42801B781A881E5500DEB026 /* IceCreamView.swift in Sources */ = {isa = PBXBuildFile; fileRef = 42801B771A881E5500DEB026 /* IceCreamView.swift */; };
		42B433FB1A89ECFB0091170B /* FlavorFactory.swift in Sources */ = {isa = PBXBuildFile; fileRef = 42B433FA1A89ECFB0091170B /* FlavorFactory.swift */; };
		42C970621A8C9CAF002FEFF3 /* RGBAColorFromString.swift in Sources */ = {isa = PBXBuildFile; fileRef = 42C970611A8C9CAF002FEFF3 /* RGBAColorFromString.swift */; };
		68B31458A67E8A95B0E32080 /* Pods_IceCreamShopTests.framework in Frameworks */ = {isa = PBXBuildFile; fileRef = 5AED53E67D5A4CBA4A7B97F2 /* Pods_IceCreamShopTests.framework */; };
		88C74F7E2474A80A9258A0E4 /* Pods_IceCreamShop.framework in Frameworks */ = {isa = PBXBuildFile; fileRef = 3BB350C1EB6FBB1BEC64EF4C /* Pods_IceCreamShop.framework */; };
/* End PBXBuildFile section */

/* Begin PBXContainerItemProxy section */
		42801B651A881DF600DEB026 /* PBXContainerItemProxy */ = {
			isa = PBXContainerItemProxy;
			containerPortal = 42801B471A881DF600DEB026 /* Project object */;
			proxyType = 1;
			remoteGlobalIDString = 42801B4E1A881DF600DEB026;
			remoteInfo = IceCreamShop;
		};
/* End PBXContainerItemProxy section */

/* Begin PBXFileReference section */
		29FAD5603FB775DA489A663B /* Pods-IceCreamShopTests.release.xcconfig */ = {isa = PBXFileReference; includeInIndex = 1; lastKnownFileType = text.xcconfig; name = "Pods-IceCreamShopTests.release.xcconfig"; path = "Pods/Target Support Files/Pods-IceCreamShopTests/Pods-IceCreamShopTests.release.xcconfig"; sourceTree = "<group>"; };
		39DDAB5C2B36879000C46AF8 /* Pods-IceCreamShopTests.debug.xcconfig */ = {isa = PBXFileReference; includeInIndex = 1; lastKnownFileType = text.xcconfig; name = "Pods-IceCreamShopTests.debug.xcconfig"; path = "Pods/Target Support Files/Pods-IceCreamShopTests/Pods-IceCreamShopTests.debug.xcconfig"; sourceTree = "<group>"; };
		3BB350C1EB6FBB1BEC64EF4C /* Pods_IceCreamShop.framework */ = {isa = PBXFileReference; explicitFileType = wrapper.framework; includeInIndex = 0; path = Pods_IceCreamShop.framework; sourceTree = BUILT_PRODUCTS_DIR; };
		420C6C561A8DD37D00071FB6 /* IceCreamShopTests.swift */ = {isa = PBXFileReference; fileEncoding = 4; lastKnownFileType = sourcecode.swift; path = IceCreamShopTests.swift; sourceTree = "<group>"; };
		4274BF161A88264600937936 /* Images.xcassets */ = {isa = PBXFileReference; lastKnownFileType = folder.assetcatalog; path = Images.xcassets; sourceTree = "<group>"; };
		4274BF181A88268F00937936 /* LaunchScreen.xib */ = {isa = PBXFileReference; fileEncoding = 4; lastKnownFileType = file.xib; path = LaunchScreen.xib; sourceTree = "<group>"; };
		4274BF1B1A88274600937936 /* Flavor.swift */ = {isa = PBXFileReference; fileEncoding = 4; lastKnownFileType = sourcecode.swift; path = Flavor.swift; sourceTree = "<group>"; };
		4274BF201A88371900937936 /* PickFlavorDataSource.swift */ = {isa = PBXFileReference; fileEncoding = 4; lastKnownFileType = sourcecode.swift; path = PickFlavorDataSource.swift; sourceTree = "<group>"; };
		4274BF221A88518B00937936 /* ScoopCell.swift */ = {isa = PBXFileReference; fileEncoding = 4; lastKnownFileType = sourcecode.swift; path = ScoopCell.swift; sourceTree = "<group>"; };
		4274BF241A88523300937936 /* ScoopView.swift */ = {isa = PBXFileReference; fileEncoding = 4; lastKnownFileType = sourcecode.swift; path = ScoopView.swift; sourceTree = "<group>"; };
		42801B4F1A881DF600DEB026 /* IceCreamShop.app */ = {isa = PBXFileReference; explicitFileType = wrapper.application; includeInIndex = 0; path = IceCreamShop.app; sourceTree = BUILT_PRODUCTS_DIR; };
		42801B531A881DF600DEB026 /* Info.plist */ = {isa = PBXFileReference; lastKnownFileType = text.plist.xml; path = Info.plist; sourceTree = "<group>"; };
		42801B541A881DF600DEB026 /* AppDelegate.swift */ = {isa = PBXFileReference; lastKnownFileType = sourcecode.swift; path = AppDelegate.swift; sourceTree = "<group>"; };
		42801B561A881DF600DEB026 /* PickFlavorViewController.swift */ = {isa = PBXFileReference; lastKnownFileType = sourcecode.swift; path = PickFlavorViewController.swift; sourceTree = "<group>"; };
		42801B591A881DF600DEB026 /* Base */ = {isa = PBXFileReference; lastKnownFileType = file.storyboard; name = Base; path = Base.lproj/Main.storyboard; sourceTree = "<group>"; };
		42801B641A881DF600DEB026 /* IceCreamShopTests.xctest */ = {isa = PBXFileReference; explicitFileType = wrapper.cfbundle; includeInIndex = 0; path = IceCreamShopTests.xctest; sourceTree = BUILT_PRODUCTS_DIR; };
		42801B691A881DF600DEB026 /* Info.plist */ = {isa = PBXFileReference; lastKnownFileType = text.plist.xml; path = Info.plist; sourceTree = "<group>"; };
		42801B771A881E5500DEB026 /* IceCreamView.swift */ = {isa = PBXFileReference; fileEncoding = 4; lastKnownFileType = sourcecode.swift; path = IceCreamView.swift; sourceTree = "<group>"; };
		42B433FA1A89ECFB0091170B /* FlavorFactory.swift */ = {isa = PBXFileReference; fileEncoding = 4; lastKnownFileType = sourcecode.swift; path = FlavorFactory.swift; sourceTree = "<group>"; };
		42B433FC1A89F78F0091170B /* IceCreamShop-Bridging-Header.h */ = {isa = PBXFileReference; lastKnownFileType = sourcecode.c.h; path = "IceCreamShop-Bridging-Header.h"; sourceTree = "<group>"; };
		42C970611A8C9CAF002FEFF3 /* RGBAColorFromString.swift */ = {isa = PBXFileReference; fileEncoding = 4; lastKnownFileType = sourcecode.swift; path = RGBAColorFromString.swift; sourceTree = "<group>"; };
		4E931993EA5F158CACE590D9 /* Pods-IceCreamShop.debug.xcconfig */ = {isa = PBXFileReference; includeInIndex = 1; lastKnownFileType = text.xcconfig; name = "Pods-IceCreamShop.debug.xcconfig"; path = "Pods/Target Support Files/Pods-IceCreamShop/Pods-IceCreamShop.debug.xcconfig"; sourceTree = "<group>"; };
		5AED53E67D5A4CBA4A7B97F2 /* Pods_IceCreamShopTests.framework */ = {isa = PBXFileReference; explicitFileType = wrapper.framework; includeInIndex = 0; path = Pods_IceCreamShopTests.framework; sourceTree = BUILT_PRODUCTS_DIR; };
		D2CE25013DEF1EDD27B514B8 /* Pods-IceCreamShop.release.xcconfig */ = {isa = PBXFileReference; includeInIndex = 1; lastKnownFileType = text.xcconfig; name = "Pods-IceCreamShop.release.xcconfig"; path = "Pods/Target Support Files/Pods-IceCreamShop/Pods-IceCreamShop.release.xcconfig"; sourceTree = "<group>"; };
/* End PBXFileReference section */

/* Begin PBXFrameworksBuildPhase section */
		2E3FFC2B5D697FDBF99A9C5C /* Frameworks */ = {
			isa = PBXFrameworksBuildPhase;
			buildActionMask = 2147483647;
			files = (
				88C74F7E2474A80A9258A0E4 /* Pods_IceCreamShop.framework in Frameworks */,
			);
			runOnlyForDeploymentPostprocessing = 0;
		};
		42801B611A881DF600DEB026 /* Frameworks */ = {
			isa = PBXFrameworksBuildPhase;
			buildActionMask = 2147483647;
			files = (
				68B31458A67E8A95B0E32080 /* Pods_IceCreamShopTests.framework in Frameworks */,
			);
			runOnlyForDeploymentPostprocessing = 0;
		};
/* End PBXFrameworksBuildPhase section */

/* Begin PBXGroup section */
		4274BF1A1A88273100937936 /* Models */ = {
			isa = PBXGroup;
			children = (
				4274BF1B1A88274600937936 /* Flavor.swift */,
			);
			name = Models;
			sourceTree = "<group>";
		};
		4274BF1F1A88283F00937936 /* Ice Cream */ = {
			isa = PBXGroup;
			children = (
				42801B771A881E5500DEB026 /* IceCreamView.swift */,
				4274BF221A88518B00937936 /* ScoopCell.swift */,
				4274BF241A88523300937936 /* ScoopView.swift */,
			);
			name = "Ice Cream";
			sourceTree = "<group>";
		};
		42801B461A881DF600DEB026 = {
			isa = PBXGroup;
			children = (
				42801B511A881DF600DEB026 /* IceCreamShop */,
				42801B671A881DF600DEB026 /* IceCreamShopTests */,
				42801B501A881DF600DEB026 /* Products */,
				E1B3556271B9796A750387AC /* Frameworks */,
				5A17388DCBD098298110DA28 /* Pods */,
			);
			indentWidth = 2;
			sourceTree = "<group>";
			tabWidth = 2;
		};
		42801B501A881DF600DEB026 /* Products */ = {
			isa = PBXGroup;
			children = (
				42801B4F1A881DF600DEB026 /* IceCreamShop.app */,
				42801B641A881DF600DEB026 /* IceCreamShopTests.xctest */,
			);
			name = Products;
			sourceTree = "<group>";
		};
		42801B511A881DF600DEB026 /* IceCreamShop */ = {
			isa = PBXGroup;
			children = (
				42C970601A8C9C9C002FEFF3 /* Categories */,
				42801B741A881DFC00DEB026 /* Controllers */,
				42B433F91A89ECE00091170B /* Factories */,
				4274BF1A1A88273100937936 /* Models */,
				42801B761A881E1400DEB026 /* Resources */,
				42801B521A881DF600DEB026 /* Supporting Files */,
				42801B751A881E0800DEB026 /* Views */,
			);
			path = IceCreamShop;
			sourceTree = "<group>";
		};
		42801B521A881DF600DEB026 /* Supporting Files */ = {
			isa = PBXGroup;
			children = (
				42B433FC1A89F78F0091170B /* IceCreamShop-Bridging-Header.h */,
				42801B531A881DF600DEB026 /* Info.plist */,
			);
			name = "Supporting Files";
			sourceTree = "<group>";
		};
		42801B671A881DF600DEB026 /* IceCreamShopTests */ = {
			isa = PBXGroup;
			children = (
				420C6C561A8DD37D00071FB6 /* IceCreamShopTests.swift */,
				42801B681A881DF600DEB026 /* Supporting Files */,
			);
			path = IceCreamShopTests;
			sourceTree = "<group>";
		};
		42801B681A881DF600DEB026 /* Supporting Files */ = {
			isa = PBXGroup;
			children = (
				42801B691A881DF600DEB026 /* Info.plist */,
			);
			name = "Supporting Files";
			sourceTree = "<group>";
		};
		42801B741A881DFC00DEB026 /* Controllers */ = {
			isa = PBXGroup;
			children = (
				42801B541A881DF600DEB026 /* AppDelegate.swift */,
				4274BF201A88371900937936 /* PickFlavorDataSource.swift */,
				42801B561A881DF600DEB026 /* PickFlavorViewController.swift */,
			);
			name = Controllers;
			sourceTree = "<group>";
		};
		42801B751A881E0800DEB026 /* Views */ = {
			isa = PBXGroup;
			children = (
				4274BF1F1A88283F00937936 /* Ice Cream */,
				42C9705C1A8C893C002FEFF3 /* Storyboards & Nibs */,
			);
			name = Views;
			sourceTree = "<group>";
		};
		42801B761A881E1400DEB026 /* Resources */ = {
			isa = PBXGroup;
			children = (
				4274BF161A88264600937936 /* Images.xcassets */,
			);
			name = Resources;
			sourceTree = "<group>";
		};
		42B433F91A89ECE00091170B /* Factories */ = {
			isa = PBXGroup;
			children = (
				42B433FA1A89ECFB0091170B /* FlavorFactory.swift */,
			);
			name = Factories;
			sourceTree = "<group>";
		};
		42C9705C1A8C893C002FEFF3 /* Storyboards & Nibs */ = {
			isa = PBXGroup;
			children = (
				4274BF181A88268F00937936 /* LaunchScreen.xib */,
				42801B581A881DF600DEB026 /* Main.storyboard */,
			);
			name = "Storyboards & Nibs";
			sourceTree = "<group>";
		};
		42C970601A8C9C9C002FEFF3 /* Categories */ = {
			isa = PBXGroup;
			children = (
				42C970611A8C9CAF002FEFF3 /* RGBAColorFromString.swift */,
			);
			name = Categories;
			sourceTree = "<group>";
		};
		5A17388DCBD098298110DA28 /* Pods */ = {
			isa = PBXGroup;
			children = (
				4E931993EA5F158CACE590D9 /* Pods-IceCreamShop.debug.xcconfig */,
				D2CE25013DEF1EDD27B514B8 /* Pods-IceCreamShop.release.xcconfig */,
				39DDAB5C2B36879000C46AF8 /* Pods-IceCreamShopTests.debug.xcconfig */,
				29FAD5603FB775DA489A663B /* Pods-IceCreamShopTests.release.xcconfig */,
			);
			name = Pods;
			sourceTree = "<group>";
		};
		E1B3556271B9796A750387AC /* Frameworks */ = {
			isa = PBXGroup;
			children = (
				3BB350C1EB6FBB1BEC64EF4C /* Pods_IceCreamShop.framework */,
				5AED53E67D5A4CBA4A7B97F2 /* Pods_IceCreamShopTests.framework */,
			);
			name = Frameworks;
			sourceTree = "<group>";
		};
/* End PBXGroup section */

/* Begin PBXNativeTarget section */
		42801B4E1A881DF600DEB026 /* IceCreamShop */ = {
			isa = PBXNativeTarget;
			buildConfigurationList = 42801B6E1A881DF600DEB026 /* Build configuration list for PBXNativeTarget "IceCreamShop" */;
			buildPhases = (
				EE874F3EC813DD0DC8E45178 /* 📦 Check Pods Manifest.lock */,
				42801B4B1A881DF600DEB026 /* Sources */,
				42801B4D1A881DF600DEB026 /* Resources */,
				2E3FFC2B5D697FDBF99A9C5C /* Frameworks */,
				C285E8EFFB41AEAB8ED48056 /* 📦 Embed Pods Frameworks */,
				CAC68320CC79393474C4E8C1 /* 📦 Copy Pods Resources */,
			);
			buildRules = (
			);
			dependencies = (
			);
			name = IceCreamShop;
			productName = IceCreamShop;
			productReference = 42801B4F1A881DF600DEB026 /* IceCreamShop.app */;
			productType = "com.apple.product-type.application";
		};
		42801B631A881DF600DEB026 /* IceCreamShopTests */ = {
			isa = PBXNativeTarget;
			buildConfigurationList = 42801B711A881DF600DEB026 /* Build configuration list for PBXNativeTarget "IceCreamShopTests" */;
			buildPhases = (
				670B638A458C90213DFF9155 /* 📦 Check Pods Manifest.lock */,
				42801B601A881DF600DEB026 /* Sources */,
				42801B611A881DF600DEB026 /* Frameworks */,
				42801B621A881DF600DEB026 /* Resources */,
				1F9BDA6044E1993A6A171C35 /* 📦 Embed Pods Frameworks */,
				532D86156D17BCA7A7673376 /* 📦 Copy Pods Resources */,
			);
			buildRules = (
			);
			dependencies = (
				42801B661A881DF600DEB026 /* PBXTargetDependency */,
			);
			name = IceCreamShopTests;
			productName = IceCreamShopTests;
			productReference = 42801B641A881DF600DEB026 /* IceCreamShopTests.xctest */;
			productType = "com.apple.product-type.bundle.unit-test";
		};
/* End PBXNativeTarget section */

/* Begin PBXProject section */
		42801B471A881DF600DEB026 /* Project object */ = {
			isa = PBXProject;
			attributes = {
				LastSwiftMigration = 0700;
				LastSwiftUpdateCheck = 0700;
				LastUpgradeCheck = 0700;
				ORGANIZATIONNAME = "Razeware, LLC";
				TargetAttributes = {
					42801B4E1A881DF600DEB026 = {
						CreatedOnToolsVersion = 6.1.1;
					};
					42801B631A881DF600DEB026 = {
						CreatedOnToolsVersion = 6.1.1;
						TestTargetID = 42801B4E1A881DF600DEB026;
					};
				};
			};
			buildConfigurationList = 42801B4A1A881DF600DEB026 /* Build configuration list for PBXProject "IceCreamShop" */;
			compatibilityVersion = "Xcode 3.2";
			developmentRegion = English;
			hasScannedForEncodings = 0;
			knownRegions = (
				en,
				Base,
			);
			mainGroup = 42801B461A881DF600DEB026;
			productRefGroup = 42801B501A881DF600DEB026 /* Products */;
			projectDirPath = "";
			projectRoot = "";
			targets = (
				42801B4E1A881DF600DEB026 /* IceCreamShop */,
				42801B631A881DF600DEB026 /* IceCreamShopTests */,
			);
		};
/* End PBXProject section */

/* Begin PBXResourcesBuildPhase section */
		42801B4D1A881DF600DEB026 /* Resources */ = {
			isa = PBXResourcesBuildPhase;
			buildActionMask = 2147483647;
			files = (
				4274BF191A88268F00937936 /* LaunchScreen.xib in Resources */,
				42801B5A1A881DF600DEB026 /* Main.storyboard in Resources */,
				4274BF171A88264600937936 /* Images.xcassets in Resources */,
			);
			runOnlyForDeploymentPostprocessing = 0;
		};
		42801B621A881DF600DEB026 /* Resources */ = {
			isa = PBXResourcesBuildPhase;
			buildActionMask = 2147483647;
			files = (
			);
			runOnlyForDeploymentPostprocessing = 0;
		};
/* End PBXResourcesBuildPhase section */

/* Begin PBXShellScriptBuildPhase section */
		1F9BDA6044E1993A6A171C35 /* 📦 Embed Pods Frameworks */ = {
			isa = PBXShellScriptBuildPhase;
			buildActionMask = 2147483647;
			files = (
			);
			inputPaths = (
			);
			name = "📦 Embed Pods Frameworks";
			outputPaths = (
			);
			runOnlyForDeploymentPostprocessing = 0;
			shellPath = /bin/sh;
			shellScript = "\"${SRCROOT}/Pods/Target Support Files/Pods-IceCreamShopTests/Pods-IceCreamShopTests-frameworks.sh\"\n";
			showEnvVarsInLog = 0;
		};
		532D86156D17BCA7A7673376 /* 📦 Copy Pods Resources */ = {
			isa = PBXShellScriptBuildPhase;
			buildActionMask = 2147483647;
			files = (
			);
			inputPaths = (
			);
			name = "📦 Copy Pods Resources";
			outputPaths = (
			);
			runOnlyForDeploymentPostprocessing = 0;
			shellPath = /bin/sh;
			shellScript = "\"${SRCROOT}/Pods/Target Support Files/Pods-IceCreamShopTests/Pods-IceCreamShopTests-resources.sh\"\n";
			showEnvVarsInLog = 0;
		};
		670B638A458C90213DFF9155 /* 📦 Check Pods Manifest.lock */ = {
			isa = PBXShellScriptBuildPhase;
			buildActionMask = 2147483647;
			files = (
			);
			inputPaths = (
			);
			name = "📦 Check Pods Manifest.lock";
			outputPaths = (
			);
			runOnlyForDeploymentPostprocessing = 0;
			shellPath = /bin/sh;
			shellScript = "diff \"${PODS_ROOT}/../Podfile.lock\" \"${PODS_ROOT}/Manifest.lock\" > /dev/null\nif [[ $? != 0 ]] ; then\n    cat << EOM\nerror: The sandbox is not in sync with the Podfile.lock. Run 'pod install' or update your CocoaPods installation.\nEOM\n    exit 1\nfi\n";
			showEnvVarsInLog = 0;
		};
		C285E8EFFB41AEAB8ED48056 /* 📦 Embed Pods Frameworks */ = {
			isa = PBXShellScriptBuildPhase;
			buildActionMask = 2147483647;
			files = (
			);
			inputPaths = (
			);
			name = "📦 Embed Pods Frameworks";
			outputPaths = (
			);
			runOnlyForDeploymentPostprocessing = 0;
			shellPath = /bin/sh;
			shellScript = "\"${SRCROOT}/Pods/Target Support Files/Pods-IceCreamShop/Pods-IceCreamShop-frameworks.sh\"\n";
			showEnvVarsInLog = 0;
		};
		CAC68320CC79393474C4E8C1 /* 📦 Copy Pods Resources */ = {
			isa = PBXShellScriptBuildPhase;
			buildActionMask = 2147483647;
			files = (
			);
			inputPaths = (
			);
			name = "📦 Copy Pods Resources";
			outputPaths = (
			);
			runOnlyForDeploymentPostprocessing = 0;
			shellPath = /bin/sh;
			shellScript = "\"${SRCROOT}/Pods/Target Support Files/Pods-IceCreamShop/Pods-IceCreamShop-resources.sh\"\n";
			showEnvVarsInLog = 0;
		};
		EE874F3EC813DD0DC8E45178 /* 📦 Check Pods Manifest.lock */ = {
			isa = PBXShellScriptBuildPhase;
			buildActionMask = 2147483647;
			files = (
			);
			inputPaths = (
			);
			name = "📦 Check Pods Manifest.lock";
			outputPaths = (
			);
			runOnlyForDeploymentPostprocessing = 0;
			shellPath = /bin/sh;
			shellScript = "diff \"${PODS_ROOT}/../Podfile.lock\" \"${PODS_ROOT}/Manifest.lock\" > /dev/null\nif [[ $? != 0 ]] ; then\n    cat << EOM\nerror: The sandbox is not in sync with the Podfile.lock. Run 'pod install' or update your CocoaPods installation.\nEOM\n    exit 1\nfi\n";
			showEnvVarsInLog = 0;
		};
/* End PBXShellScriptBuildPhase section */

/* Begin PBXSourcesBuildPhase section */
		42801B4B1A881DF600DEB026 /* Sources */ = {
			isa = PBXSourcesBuildPhase;
			buildActionMask = 2147483647;
			files = (
				42801B571A881DF600DEB026 /* PickFlavorViewController.swift in Sources */,
				42801B551A881DF600DEB026 /* AppDelegate.swift in Sources */,
				4274BF1C1A88274600937936 /* Flavor.swift in Sources */,
				4274BF231A88518B00937936 /* ScoopCell.swift in Sources */,
				42B433FB1A89ECFB0091170B /* FlavorFactory.swift in Sources */,
				42801B781A881E5500DEB026 /* IceCreamView.swift in Sources */,
				42C970621A8C9CAF002FEFF3 /* RGBAColorFromString.swift in Sources */,
				4274BF211A88371900937936 /* PickFlavorDataSource.swift in Sources */,
				4274BF251A88523300937936 /* ScoopView.swift in Sources */,
			);
			runOnlyForDeploymentPostprocessing = 0;
		};
		42801B601A881DF600DEB026 /* Sources */ = {
			isa = PBXSourcesBuildPhase;
			buildActionMask = 2147483647;
			files = (
				420C6C571A8DD37D00071FB6 /* IceCreamShopTests.swift in Sources */,
			);
			runOnlyForDeploymentPostprocessing = 0;
		};
/* End PBXSourcesBuildPhase section */

/* Begin PBXTargetDependency section */
		42801B661A881DF600DEB026 /* PBXTargetDependency */ = {
			isa = PBXTargetDependency;
			target = 42801B4E1A881DF600DEB026 /* IceCreamShop */;
			targetProxy = 42801B651A881DF600DEB026 /* PBXContainerItemProxy */;
		};
/* End PBXTargetDependency section */

/* Begin PBXVariantGroup section */
		42801B581A881DF600DEB026 /* Main.storyboard */ = {
			isa = PBXVariantGroup;
			children = (
				42801B591A881DF600DEB026 /* Base */,
			);
			name = Main.storyboard;
			sourceTree = "<group>";
		};
/* End PBXVariantGroup section */

/* Begin XCBuildConfiguration section */
		42801B6C1A881DF600DEB026 /* Debug */ = {
			isa = XCBuildConfiguration;
			buildSettings = {
				ALWAYS_SEARCH_USER_PATHS = NO;
				CLANG_CXX_LANGUAGE_STANDARD = "gnu++0x";
				CLANG_CXX_LIBRARY = "libc++";
				CLANG_ENABLE_MODULES = YES;
				CLANG_ENABLE_OBJC_ARC = YES;
				CLANG_WARN_BOOL_CONVERSION = YES;
				CLANG_WARN_CONSTANT_CONVERSION = YES;
				CLANG_WARN_DIRECT_OBJC_ISA_USAGE = YES_ERROR;
				CLANG_WARN_EMPTY_BODY = YES;
				CLANG_WARN_ENUM_CONVERSION = YES;
				CLANG_WARN_INT_CONVERSION = YES;
				CLANG_WARN_OBJC_ROOT_CLASS = YES_ERROR;
				CLANG_WARN_UNREACHABLE_CODE = YES;
				CLANG_WARN__DUPLICATE_METHOD_MATCH = YES;
				"CODE_SIGN_IDENTITY[sdk=iphoneos*]" = "iPhone Developer";
				COPY_PHASE_STRIP = NO;
				ENABLE_STRICT_OBJC_MSGSEND = YES;
				ENABLE_TESTABILITY = YES;
				GCC_C_LANGUAGE_STANDARD = gnu99;
				GCC_DYNAMIC_NO_PIC = NO;
				GCC_OPTIMIZATION_LEVEL = 0;
				GCC_PREPROCESSOR_DEFINITIONS = (
					"DEBUG=1",
					"$(inherited)",
				);
				GCC_SYMBOLS_PRIVATE_EXTERN = NO;
				GCC_WARN_64_TO_32_BIT_CONVERSION = YES;
				GCC_WARN_ABOUT_RETURN_TYPE = YES_ERROR;
				GCC_WARN_UNDECLARED_SELECTOR = YES;
				GCC_WARN_UNINITIALIZED_AUTOS = YES_AGGRESSIVE;
				GCC_WARN_UNUSED_FUNCTION = YES;
				GCC_WARN_UNUSED_VARIABLE = YES;
				MTL_ENABLE_DEBUG_INFO = YES;
				ONLY_ACTIVE_ARCH = YES;
				SDKROOT = iphoneos;
				SWIFT_OPTIMIZATION_LEVEL = "-Onone";
			};
			name = Debug;
		};
		42801B6D1A881DF600DEB026 /* Release */ = {
			isa = XCBuildConfiguration;
			buildSettings = {
				ALWAYS_SEARCH_USER_PATHS = NO;
				CLANG_CXX_LANGUAGE_STANDARD = "gnu++0x";
				CLANG_CXX_LIBRARY = "libc++";
				CLANG_ENABLE_MODULES = YES;
				CLANG_ENABLE_OBJC_ARC = YES;
				CLANG_WARN_BOOL_CONVERSION = YES;
				CLANG_WARN_CONSTANT_CONVERSION = YES;
				CLANG_WARN_DIRECT_OBJC_ISA_USAGE = YES_ERROR;
				CLANG_WARN_EMPTY_BODY = YES;
				CLANG_WARN_ENUM_CONVERSION = YES;
				CLANG_WARN_INT_CONVERSION = YES;
				CLANG_WARN_OBJC_ROOT_CLASS = YES_ERROR;
				CLANG_WARN_UNREACHABLE_CODE = YES;
				CLANG_WARN__DUPLICATE_METHOD_MATCH = YES;
				"CODE_SIGN_IDENTITY[sdk=iphoneos*]" = "iPhone Developer";
				COPY_PHASE_STRIP = YES;
				ENABLE_NS_ASSERTIONS = NO;
				ENABLE_STRICT_OBJC_MSGSEND = YES;
				GCC_C_LANGUAGE_STANDARD = gnu99;
				GCC_WARN_64_TO_32_BIT_CONVERSION = YES;
				GCC_WARN_ABOUT_RETURN_TYPE = YES_ERROR;
				GCC_WARN_UNDECLARED_SELECTOR = YES;
				GCC_WARN_UNINITIALIZED_AUTOS = YES_AGGRESSIVE;
				GCC_WARN_UNUSED_FUNCTION = YES;
				GCC_WARN_UNUSED_VARIABLE = YES;
				MTL_ENABLE_DEBUG_INFO = NO;
				SDKROOT = iphoneos;
				VALIDATE_PRODUCT = YES;
			};
			name = Release;
		};
		42801B6F1A881DF600DEB026 /* Debug */ = {
			isa = XCBuildConfiguration;
			baseConfigurationReference = 4E931993EA5F158CACE590D9 /* Pods-IceCreamShop.debug.xcconfig */;
			buildSettings = {
				ASSETCATALOG_COMPILER_APPICON_NAME = AppIcon;
				CLANG_ENABLE_MODULES = YES;
				INFOPLIST_FILE = IceCreamShop/Info.plist;
				LD_RUNPATH_SEARCH_PATHS = "$(inherited) @executable_path/Frameworks";
				PRODUCT_BUNDLE_IDENTIFIER = "com.raywenderlich.$(PRODUCT_NAME:rfc1034identifier)";
				PRODUCT_NAME = "$(TARGET_NAME)";
				SWIFT_OBJC_BRIDGING_HEADER = "IceCreamShop/IceCreamShop-Bridging-Header.h";
				SWIFT_OPTIMIZATION_LEVEL = "-Onone";
				TARGETED_DEVICE_FAMILY = 1;
			};
			name = Debug;
		};
		42801B701A881DF600DEB026 /* Release */ = {
			isa = XCBuildConfiguration;
			baseConfigurationReference = D2CE25013DEF1EDD27B514B8 /* Pods-IceCreamShop.release.xcconfig */;
			buildSettings = {
				ASSETCATALOG_COMPILER_APPICON_NAME = AppIcon;
				CLANG_ENABLE_MODULES = YES;
				INFOPLIST_FILE = IceCreamShop/Info.plist;
				LD_RUNPATH_SEARCH_PATHS = "$(inherited) @executable_path/Frameworks";
				PRODUCT_BUNDLE_IDENTIFIER = "com.raywenderlich.$(PRODUCT_NAME:rfc1034identifier)";
				PRODUCT_NAME = "$(TARGET_NAME)";
				SWIFT_OBJC_BRIDGING_HEADER = "IceCreamShop/IceCreamShop-Bridging-Header.h";
				TARGETED_DEVICE_FAMILY = 1;
			};
			name = Release;
		};
		42801B721A881DF600DEB026 /* Debug */ = {
			isa = XCBuildConfiguration;
			baseConfigurationReference = 39DDAB5C2B36879000C46AF8 /* Pods-IceCreamShopTests.debug.xcconfig */;
			buildSettings = {
				BUNDLE_LOADER = "$(TEST_HOST)";
				CLANG_ENABLE_MODULES = YES;
				FRAMEWORK_SEARCH_PATHS = "$(inherited)";
				GCC_PREPROCESSOR_DEFINITIONS = (
					"DEBUG=1",
					"$(inherited)",
				);
				INFOPLIST_FILE = IceCreamShopTests/Info.plist;
				LD_RUNPATH_SEARCH_PATHS = "$(inherited) @executable_path/Frameworks @loader_path/Frameworks";
				PRODUCT_BUNDLE_IDENTIFIER = "com.raywenderlich.$(PRODUCT_NAME:rfc1034identifier)";
				PRODUCT_NAME = "$(TARGET_NAME)";
				SWIFT_OPTIMIZATION_LEVEL = "-Onone";
				TEST_HOST = "$(BUILT_PRODUCTS_DIR)/IceCreamShop.app/IceCreamShop";
			};
			name = Debug;
		};
		42801B731A881DF600DEB026 /* Release */ = {
			isa = XCBuildConfiguration;
			baseConfigurationReference = 29FAD5603FB775DA489A663B /* Pods-IceCreamShopTests.release.xcconfig */;
			buildSettings = {
				BUNDLE_LOADER = "$(TEST_HOST)";
				CLANG_ENABLE_MODULES = YES;
				FRAMEWORK_SEARCH_PATHS = "$(inherited)";
				INFOPLIST_FILE = IceCreamShopTests/Info.plist;
				LD_RUNPATH_SEARCH_PATHS = "$(inherited) @executable_path/Frameworks @loader_path/Frameworks";
				PRODUCT_BUNDLE_IDENTIFIER = "com.raywenderlich.$(PRODUCT_NAME:rfc1034identifier)";
				PRODUCT_NAME = "$(TARGET_NAME)";
				TEST_HOST = "$(BUILT_PRODUCTS_DIR)/IceCreamShop.app/IceCreamShop";
			};
			name = Release;
		};
/* End XCBuildConfiguration section */

/* Begin XCConfigurationList section */
		42801B4A1A881DF600DEB026 /* Build configuration list for PBXProject "IceCreamShop" */ = {
			isa = XCConfigurationList;
			buildConfigurations = (
				42801B6C1A881DF600DEB026 /* Debug */,
				42801B6D1A881DF600DEB026 /* Release */,
			);
			defaultConfigurationIsVisible = 0;
			defaultConfigurationName = Release;
		};
		42801B6E1A881DF600DEB026 /* Build configuration list for PBXNativeTarget "IceCreamShop" */ = {
			isa = XCConfigurationList;
			buildConfigurations = (
				42801B6F1A881DF600DEB026 /* Debug */,
				42801B701A881DF600DEB026 /* Release */,
			);
			defaultConfigurationIsVisible = 0;
			defaultConfigurationName = Release;
		};
		42801B711A881DF600DEB026 /* Build configuration list for PBXNativeTarget "IceCreamShopTests" */ = {
			isa = XCConfigurationList;
			buildConfigurations = (
				42801B721A881DF600DEB026 /* Debug */,
				42801B731A881DF600DEB026 /* Release */,
			);
			defaultConfigurationIsVisible = 0;
			defaultConfigurationName = Release;
		};
/* End XCConfigurationList section */
	};
	rootObject = 42801B471A881DF600DEB026 /* Project object */;
}
